
Microsoft Visual Studio Solution File, Format Version 12.00
# Visual Studio 15
VisualStudioVersion = 15.0.27703.2042
MinimumVisualStudioVersion = 10.0.40219.1
Project("{FAE04EC0-301F-11D3-BF4B-00C04F79EFBC}") = "MTFramework.Core", "MTFramework.Core\MTFramework.Core.csproj", "{AD2E9D75-4361-49C6-A38E-5081D4503272}"
EndProject
Project("{FAE04EC0-301F-11D3-BF4B-00C04F79EFBC}") = "MTFramework.Northwind.Entities", "MTFramework.Northwind.Entities\MTFramework.Northwind.Entities.csproj", "{35D1D72D-6B9E-4957-BEA3-B65D0CE4AE64}"
EndProject
Project("{FAE04EC0-301F-11D3-BF4B-00C04F79EFBC}") = "MTFramework.Northwind.DataAccess", "MTFramework.Northwind.DataAccess\MTFramework.Northwind.DataAccess.csproj", "{F492504D-D7A0-45A2-A9FD-6E34895B8284}"
EndProject
Project("{FAE04EC0-301F-11D3-BF4B-00C04F79EFBC}") = "MTFramework.Northwind.Business", "MTFramework.Northwind.Business\MTFramework.Northwind.Business.csproj", "{FF0F9196-463E-4A8D-B9FB-AAD5D5DB4707}"
EndProject
Project("{FAE04EC0-301F-11D3-BF4B-00C04F79EFBC}") = "MTFramework.Northwind.MvcWebUI", "MTFramework.Northwind.MvcWebUI\MTFramework.Northwind.MvcWebUI.csproj", "{FB2D207B-ECAD-4C91-9379-B02E6A60BDC6}"
EndProject
Project("{FAE04EC0-301F-11D3-BF4B-00C04F79EFBC}") = "MTFramework.Northwind.MvcWebUI.Tests", "MTFramework.Northwind.MvcWebUI.Tests\MTFramework.Northwind.MvcWebUI.Tests.csproj", "{7D5A3D83-88D5-45B3-A346-FE83A32F0F43}"
EndProject
Project("{FAE04EC0-301F-11D3-BF4B-00C04F79EFBC}") = "MTFramework.DataAccess.Tests", "MTFramework.DataAccess.Tests\MTFramework.DataAccess.Tests.csproj", "{8E225BFE-CB9C-4076-8362-08DE6FC8F012}"
EndProject
Project("{FAE04EC0-301F-11D3-BF4B-00C04F79EFBC}") = "MTFramework.Northwind.Business.Tests", "MTFramework.Northwind.Business.Tests\MTFramework.Northwind.Business.Tests.csproj", "{97480E89-0781-45D4-9E7A-27087D1EC63F}"
EndProject
Project("{FAE04EC0-301F-11D3-BF4B-00C04F79EFBC}") = "MTFramework.Northwind.WebApi", "MTFramework.Northwind.WebApi\MTFramework.Northwind.WebApi.csproj", "{57D51F2E-BFD7-407D-BB85-3717A05E7E38}"
EndProject
Global
	GlobalSection(SolutionConfigurationPlatforms) = preSolution
		Debug|Any CPU = Debug|Any CPU
		Release|Any CPU = Release|Any CPU
	EndGlobalSection
	GlobalSection(ProjectConfigurationPlatforms) = postSolution
		{AD2E9D75-4361-49C6-A38E-5081D4503272}.Debug|Any CPU.ActiveCfg = Debug|Any CPU
		{AD2E9D75-4361-49C6-A38E-5081D4503272}.Debug|Any CPU.Build.0 = Debug|Any CPU
		{AD2E9D75-4361-49C6-A38E-5081D4503272}.Release|Any CPU.ActiveCfg = Release|Any CPU
		{AD2E9D75-4361-49C6-A38E-5081D4503272}.Release|Any CPU.Build.0 = Release|Any CPU
		{35D1D72D-6B9E-4957-BEA3-B65D0CE4AE64}.Debug|Any CPU.ActiveCfg = Debug|Any CPU
		{35D1D72D-6B9E-4957-BEA3-B65D0CE4AE64}.Debug|Any CPU.Build.0 = Debug|Any CPU
		{35D1D72D-6B9E-4957-BEA3-B65D0CE4AE64}.Release|Any CPU.ActiveCfg = Release|Any CPU
		{35D1D72D-6B9E-4957-BEA3-B65D0CE4AE64}.Release|Any CPU.Build.0 = Release|Any CPU
		{F492504D-D7A0-45A2-A9FD-6E34895B8284}.Debug|Any CPU.ActiveCfg = Debug|Any CPU
		{F492504D-D7A0-45A2-A9FD-6E34895B8284}.Debug|Any CPU.Build.0 = Debug|Any CPU
		{F492504D-D7A0-45A2-A9FD-6E34895B8284}.Release|Any CPU.ActiveCfg = Release|Any CPU
		{F492504D-D7A0-45A2-A9FD-6E34895B8284}.Release|Any CPU.Build.0 = Release|Any CPU
		{FF0F9196-463E-4A8D-B9FB-AAD5D5DB4707}.Debug|Any CPU.ActiveCfg = Debug|Any CPU
		{FF0F9196-463E-4A8D-B9FB-AAD5D5DB4707}.Debug|Any CPU.Build.0 = Debug|Any CPU
		{FF0F9196-463E-4A8D-B9FB-AAD5D5DB4707}.Release|Any CPU.ActiveCfg = Release|Any CPU
		{FF0F9196-463E-4A8D-B9FB-AAD5D5DB4707}.Release|Any CPU.Build.0 = Release|Any CPU
		{FB2D207B-ECAD-4C91-9379-B02E6A60BDC6}.Debug|Any CPU.ActiveCfg = Debug|Any CPU
		{FB2D207B-ECAD-4C91-9379-B02E6A60BDC6}.Debug|Any CPU.Build.0 = Debug|Any CPU
		{FB2D207B-ECAD-4C91-9379-B02E6A60BDC6}.Release|Any CPU.ActiveCfg = Release|Any CPU
		{FB2D207B-ECAD-4C91-9379-B02E6A60BDC6}.Release|Any CPU.Build.0 = Release|Any CPU
		{7D5A3D83-88D5-45B3-A346-FE83A32F0F43}.Debug|Any CPU.ActiveCfg = Debug|Any CPU
		{7D5A3D83-88D5-45B3-A346-FE83A32F0F43}.Debug|Any CPU.Build.0 = Debug|Any CPU
		{7D5A3D83-88D5-45B3-A346-FE83A32F0F43}.Release|Any CPU.ActiveCfg = Release|Any CPU
		{7D5A3D83-88D5-45B3-A346-FE83A32F0F43}.Release|Any CPU.Build.0 = Release|Any CPU
		{8E225BFE-CB9C-4076-8362-08DE6FC8F012}.Debug|Any CPU.ActiveCfg = Debug|Any CPU
		{8E225BFE-CB9C-4076-8362-08DE6FC8F012}.Debug|Any CPU.Build.0 = Debug|Any CPU
		{8E225BFE-CB9C-4076-8362-08DE6FC8F012}.Release|Any CPU.ActiveCfg = Release|Any CPU
		{8E225BFE-CB9C-4076-8362-08DE6FC8F012}.Release|Any CPU.Build.0 = Release|Any CPU
		{97480E89-0781-45D4-9E7A-27087D1EC63F}.Debug|Any CPU.ActiveCfg = Debug|Any CPU
		{97480E89-0781-45D4-9E7A-27087D1EC63F}.Debug|Any CPU.Build.0 = Debug|Any CPU
		{97480E89-0781-45D4-9E7A-27087D1EC63F}.Release|Any CPU.ActiveCfg = Release|Any CPU
		{97480E89-0781-45D4-9E7A-27087D1EC63F}.Release|Any CPU.Build.0 = Release|Any CPU
		{57D51F2E-BFD7-407D-BB85-3717A05E7E38}.Debug|Any CPU.ActiveCfg = Debug|Any CPU
		{57D51F2E-BFD7-407D-BB85-3717A05E7E38}.Debug|Any CPU.Build.0 = Debug|Any CPU
		{57D51F2E-BFD7-407D-BB85-3717A05E7E38}.Release|Any CPU.ActiveCfg = Release|Any CPU
		{57D51F2E-BFD7-407D-BB85-3717A05E7E38}.Release|Any CPU.Build.0 = Release|Any CPU
	EndGlobalSection
	GlobalSection(SolutionProperties) = preSolution
		HideSolutionNode = FALSE
	EndGlobalSection
	GlobalSection(ExtensibilityGlobals) = postSolution
		SolutionGuid = {A43875EE-C358-476F-BBF7-FEBA6290FD70}
	EndGlobalSection
EndGlobal
